{
  "name": "scale-of-the-universe",
  "version": "1.0.0",
  "lockfileVersion": 2,
  "requires": true,
  "packages": {
    "": {
      "name": "scale-of-the-universe",
      "version": "1.0.0",
      "license": "ISC",
      "dependencies": {
        "babylonjs": "^5.29.0",
        "babylonjs-gui": "^5.29.0",
        "babylonjs-loaders": "^5.31.1",
        "babylonjs-materials": "^5.31.1",
        "babylonjs-post-process": "^5.31.1",
        "babylonjs-procedural-textures": "^5.31.1",
        "babylonjs-serializers": "^5.31.1",
        "babylonjs-viewer": "^5.31.1",
        "earcut": "^2.2.4"
      }
    },
    "node_modules/babylonjs": {
      "version": "5.31.1",
      "resolved": "https://registry.npmjs.org/babylonjs/-/babylonjs-5.31.1.tgz",
      "integrity": "sha512-p5ldAP9JtOQvii9ezJhvM2VmMd+hgSPQb502GPWfI2Ia2d4BMPY+tnZ2a9KiWiZVBIHghWLAjU01HXpuGhWnvw==",
      "hasInstallScript": true
    },
    "node_modules/babylonjs-gltf2interface": {
      "version": "5.31.1",
      "resolved": "https://registry.npmjs.org/babylonjs-gltf2interface/-/babylonjs-gltf2interface-5.31.1.tgz",
      "integrity": "sha512-DMs6KJ3u3MrxzGPStwS979G8P3c2b8pFpW0Nueg03BHp2A3M6aCJbpsohYvAoteifUsLKn+GtgE1QNTF47JkUA=="
    },
    "node_modules/babylonjs-gui": {
      "version": "5.29.0",
      "resolved": "https://registry.npmjs.org/babylonjs-gui/-/babylonjs-gui-5.29.0.tgz",
      "integrity": "sha512-WBjJMrrwZZ4R4tMQxfSTfd/xMd+rHT7754FO4ygKjY1eNDcT+F9YoLAONYvIOY0aUWz87y2oZsAqqsIRiGIu5g==",
      "dependencies": {
        "babylonjs": "^5.29.0"
      }
    },
    "node_modules/babylonjs-loaders": {
      "version": "5.31.1",
      "resolved": "https://registry.npmjs.org/babylonjs-loaders/-/babylonjs-loaders-5.31.1.tgz",
      "integrity": "sha512-OT+wte1e19rd6sFXUafrxXb4hVmgoDWQBI8lh1qnh5L722GHF019lTOu31KLX1moobHvomXeT6dlugyqjB2a1g==",
      "dependencies": {
        "babylonjs": "^5.31.1",
        "babylonjs-gltf2interface": "^5.31.1"
      }
    },
    "node_modules/babylonjs-materials": {
      "version": "5.31.1",
      "resolved": "https://registry.npmjs.org/babylonjs-materials/-/babylonjs-materials-5.31.1.tgz",
      "integrity": "sha512-GP9LBVdgL9aCHR01K0QXMyQnITejr4Q9u3qCJXfuwuc5oDS1fTp0g8QeFUBTnZi7hJlUMZzwvNazkl+N/AqPSg==",
      "dependencies": {
        "babylonjs": "^5.31.1"
      }
    },
    "node_modules/babylonjs-post-process": {
      "version": "5.31.1",
      "resolved": "https://registry.npmjs.org/babylonjs-post-process/-/babylonjs-post-process-5.31.1.tgz",
      "integrity": "sha512-iA1qOxcn/mXNEh0NUtecPBJcGMgUcUGvcxQh2oqIEhHtRaG8JmXzj1EB9L/wK3IyVkSvk3/olsGjiCGsvXERpA==",
      "dependencies": {
        "babylonjs": "^5.31.1"
      }
    },
    "node_modules/babylonjs-procedural-textures": {
      "version": "5.31.1",
      "resolved": "https://registry.npmjs.org/babylonjs-procedural-textures/-/babylonjs-procedural-textures-5.31.1.tgz",
      "integrity": "sha512-ntcawbiIFvd1myA3cOEcnl7oCyO25bVM7MY/uuuQvimBHRAfKCJ+N7HSyFSj+2Xc68TsyZRZwcToCGh+yWZ2vw==",
      "dependencies": {
        "babylonjs": "^5.31.1"
      }
    },
    "node_modules/babylonjs-serializers": {
      "version": "5.31.1",
      "resolved": "https://registry.npmjs.org/babylonjs-serializers/-/babylonjs-serializers-5.31.1.tgz",
      "integrity": "sha512-xz2iUEa2Y27cO9jcRGD9QvrJ5+0uz9oYcOHal4K86bkprAfk9lPcoGdaTWY9JJwBLpfpgtMBJscIIUPlxaa/gQ==",
      "dependencies": {
        "babylonjs": "^5.31.1",
        "babylonjs-gltf2interface": "^5.31.1"
      }
    },
    "node_modules/babylonjs-viewer": {
      "version": "5.31.1",
      "resolved": "https://registry.npmjs.org/babylonjs-viewer/-/babylonjs-viewer-5.31.1.tgz",
      "integrity": "sha512-KAInX2VvpLi4lYI90jvb59FLNktuGrt19L0kUOg50wc6ysqhreDwrzhaljf39yD5t9Wo6oqd9OZSyy/KslB2Jg==",
      "dependencies": {
        "babylonjs-gltf2interface": "^5.31.1"
      }
    },
    "node_modules/earcut": {
      "version": "2.2.4",
      "resolved": "https://registry.npmjs.org/earcut/-/earcut-2.2.4.tgz",
      "integrity": "sha512-/pjZsA1b4RPHbeWZQn66SWS8nZZWLQQ23oE3Eam7aroEFGEvwKAsJfZ9ytiEMycfzXWpca4FA9QIOehf7PocBQ=="
    }
  },
  "dependencies": {
    "babylonjs": {
      "version": "5.31.1",
      "resolved": "https://registry.npmjs.org/babylonjs/-/babylonjs-5.31.1.tgz",
      "integrity": "sha512-p5ldAP9JtOQvii9ezJhvM2VmMd+hgSPQb502GPWfI2Ia2d4BMPY+tnZ2a9KiWiZVBIHghWLAjU01HXpuGhWnvw=="
    },
    "babylonjs-gltf2interface": {
      "version": "5.31.1",
      "resolved": "https://registry.npmjs.org/babylonjs-gltf2interface/-/babylonjs-gltf2interface-5.31.1.tgz",
      "integrity": "sha512-DMs6KJ3u3MrxzGPStwS979G8P3c2b8pFpW0Nueg03BHp2A3M6aCJbpsohYvAoteifUsLKn+GtgE1QNTF47JkUA=="
    },
    "babylonjs-gui": {
      "version": "5.29.0",
      "resolved": "https://registry.npmjs.org/babylonjs-gui/-/babylonjs-gui-5.29.0.tgz",
      "integrity": "sha512-WBjJMrrwZZ4R4tMQxfSTfd/xMd+rHT7754FO4ygKjY1eNDcT+F9YoLAONYvIOY0aUWz87y2oZsAqqsIRiGIu5g==",
      "requires": {
        "babylonjs": "^5.29.0"
      }
    },
    "babylonjs-loaders": {
      "version": "5.31.1",
      "resolved": "https://registry.npmjs.org/babylonjs-loaders/-/babylonjs-loaders-5.31.1.tgz",
      "integrity": "sha512-OT+wte1e19rd6sFXUafrxXb4hVmgoDWQBI8lh1qnh5L722GHF019lTOu31KLX1moobHvomXeT6dlugyqjB2a1g==",
      "requires": {
        "babylonjs": "^5.31.1",
        "babylonjs-gltf2interface": "^5.31.1"
      }
    },
    "babylonjs-materials": {
      "version": "5.31.1",
      "resolved": "https://registry.npmjs.org/babylonjs-materials/-/babylonjs-materials-5.31.1.tgz",
      "integrity": "sha512-GP9LBVdgL9aCHR01K0QXMyQnITejr4Q9u3qCJXfuwuc5oDS1fTp0g8QeFUBTnZi7hJlUMZzwvNazkl+N/AqPSg==",
      "requires": {
        "babylonjs": "^5.31.1"
      }
    },
    "babylonjs-post-process": {
      "version": "5.31.1",
      "resolved": "https://registry.npmjs.org/babylonjs-post-process/-/babylonjs-post-process-5.31.1.tgz",
      "integrity": "sha512-iA1qOxcn/mXNEh0NUtecPBJcGMgUcUGvcxQh2oqIEhHtRaG8JmXzj1EB9L/wK3IyVkSvk3/olsGjiCGsvXERpA==",
      "requires": {
        "babylonjs": "^5.31.1"
      }
    },
    "babylonjs-procedural-textures": {
      "version": "5.31.1",
      "resolved": "https://registry.npmjs.org/babylonjs-procedural-textures/-/babylonjs-procedural-textures-5.31.1.tgz",
      "integrity": "sha512-ntcawbiIFvd1myA3cOEcnl7oCyO25bVM7MY/uuuQvimBHRAfKCJ+N7HSyFSj+2Xc68TsyZRZwcToCGh+yWZ2vw==",
      "requires": {
        "babylonjs": "^5.31.1"
      }
    },
    "babylonjs-serializers": {
      "version": "5.31.1",
      "resolved": "https://registry.npmjs.org/babylonjs-serializers/-/babylonjs-serializers-5.31.1.tgz",
      "integrity": "sha512-xz2iUEa2Y27cO9jcRGD9QvrJ5+0uz9oYcOHal4K86bkprAfk9lPcoGdaTWY9JJwBLpfpgtMBJscIIUPlxaa/gQ==",
      "requires": {
        "babylonjs": "^5.31.1",
        "babylonjs-gltf2interface": "^5.31.1"
      }
    },
    "babylonjs-viewer": {
      "version": "5.31.1",
      "resolved": "https://registry.npmjs.org/babylonjs-viewer/-/babylonjs-viewer-5.31.1.tgz",
      "integrity": "sha512-KAInX2VvpLi4lYI90jvb59FLNktuGrt19L0kUOg50wc6ysqhreDwrzhaljf39yD5t9Wo6oqd9OZSyy/KslB2Jg==",
      "requires": {
        "babylonjs-gltf2interface": "^5.31.1"
      }
    },
    "earcut": {
      "version": "2.2.4",
      "resolved": "https://registry.npmjs.org/earcut/-/earcut-2.2.4.tgz",
      "integrity": "sha512-/pjZsA1b4RPHbeWZQn66SWS8nZZWLQQ23oE3Eam7aroEFGEvwKAsJfZ9ytiEMycfzXWpca4FA9QIOehf7PocBQ=="
    }
  }
}
